<?xml version="1.0" encoding="UTF-8" standalone="yes" ?>
<CodeBlocks_project_file>
	<FileVersion major="1" minor="6" />
	<Project>
		<Option title="load_obj" />
		<Option pch_mode="2" />
		<Option compiler="gcc" />
		<Build>
			<Target title="Debug">
				<Option output="bin\Debug\load_obj" prefix_auto="1" extension_auto="1" />
				<Option object_output="obj\Debug\" />
				<Option type="1" />
				<Option compiler="gcc" />
				<Compiler>
					<Add option="-g" />
				</Compiler>
				<Linker>
					<Add library="C:\Program Files (x86)\CodeBlocks\SDL-1.2.14\lib\SDL_image.lib" />
					<Add library="C:\Program Files (x86)\CodeBlocks\MinGW\lib\libglu32.a" />
					<Add library="C:\Program Files (x86)\CodeBlocks\MinGW\lib\libopengl32.a" />
				</Linker>
			</Target>
			<Target title="Release">
				<Option output="bin\Release\load_obj" prefix_auto="1" extension_auto="1" />
				<Option object_output="obj\Release\" />
				<Option type="0" />
				<Option compiler="gcc" />
				<Compiler>
					<Add option="-O2" />
				</Compiler>
				<Linker>
					<Add option="-s" />
				</Linker>
			</Target>
		</Build>
		<Compiler>
			<Add option="-Wall" />
			<Add directory="C:\Program Files (x86)\CodeBlocks\SDL-1.2.14\include" />
		</Compiler>
		<Linker>
			<Add library="mingw32" />
			<Add library="SDLmain" />
			<Add library="SDL.dll" />
			<Add library="user32" />
			<Add library="gdi32" />
			<Add library="winmm" />
			<Add library="dxguid" />
			<Add directory="C:\Program Files (x86)\CodeBlocks\SDL-1.2.14\lib" />
		</Linker>
		<Unit filename="defines.h" />
		<Unit filename="geometry.h" />
		<Unit filename="get_pixel.cpp" />
		<Unit filename="get_pixel.h" />
		<Unit filename="main.cpp" />
		<Unit filename="obj.cpp" />
		<Unit filename="obj.h" />
		<Unit filename="randspawn.cpp" />
		<Unit filename="randspawn.h" />
		<Unit filename="sdlglutils.cpp" />
		<Unit filename="sdlglutils.h" />
		<Extensions>
			<code_completion />
			<debugger />
		</Extensions>
	</Project>
</CodeBlocks_project_file>
